
Microsoft Visual Studio Solution File, Format Version 12.00
# Visual Studio 2013
VisualStudioVersion = 12.0.30501.0
MinimumVisualStudioVersion = 10.0.40219.1
Project("{FAE04EC0-301F-11D3-BF4B-00C04F79EFBC}") = "eManager.Domain", "eManager.Domain\eManager.Domain.csproj", "{BABADF15-E4FB-4085-9B99-68B1F300CB3E}"
EndProject
Project("{FAE04EC0-301F-11D3-BF4B-00C04F79EFBC}") = "eManager.Web", "eManager.Web\eManager.Web.csproj", "{AC94F3FF-CC78-4BE1-BC9C-7F75D0A178DF}"
EndProject
Global
	GlobalSection(SolutionConfigurationPlatforms) = preSolution
		Debug|Any CPU = Debug|Any CPU
		Release|Any CPU = Release|Any CPU
	EndGlobalSection
	GlobalSection(ProjectConfigurationPlatforms) = postSolution
		{BABADF15-E4FB-4085-9B99-68B1F300CB3E}.Debug|Any CPU.ActiveCfg = Debug|Any CPU
		{BABADF15-E4FB-4085-9B99-68B1F300CB3E}.Debug|Any CPU.Build.0 = Debug|Any CPU
		{BABADF15-E4FB-4085-9B99-68B1F300CB3E}.Release|Any CPU.ActiveCfg = Release|Any CPU
		{BABADF15-E4FB-4085-9B99-68B1F300CB3E}.Release|Any CPU.Build.0 = Release|Any CPU
		{AC94F3FF-CC78-4BE1-BC9C-7F75D0A178DF}.Debug|Any CPU.ActiveCfg = Debug|Any CPU
		{AC94F3FF-CC78-4BE1-BC9C-7F75D0A178DF}.Debug|Any CPU.Build.0 = Debug|Any CPU
		{AC94F3FF-CC78-4BE1-BC9C-7F75D0A178DF}.Release|Any CPU.ActiveCfg = Release|Any CPU
		{AC94F3FF-CC78-4BE1-BC9C-7F75D0A178DF}.Release|Any CPU.Build.0 = Release|Any CPU
	EndGlobalSection
	GlobalSection(SolutionProperties) = preSolution
		HideSolutionNode = FALSE
	EndGlobalSection
EndGlobal
